
Microsoft Visual Studio Solution File, Format Version 12.00
# Visual Studio Version 17
VisualStudioVersion = 17.5.002.0
MinimumVisualStudioVersion = 10.0.40219.1
Project("{9A19103F-16F7-4668-BE54-9A1E7A4F7556}") = "BlazorApp1.Client", "Client\BlazorApp1.Client.csproj", "{DB628CE9-CA6D-4F7B-84E3-E13C4465A943}"
EndProject
Project("{9A19103F-16F7-4668-BE54-9A1E7A4F7556}") = "BlazorApp1.Server", "Server\BlazorApp1.Server.csproj", "{A7D5D4B6-20E0-4A84-A274-3E41C70765F5}"
EndProject
Project("{9A19103F-16F7-4668-BE54-9A1E7A4F7556}") = "BlazorApp1.Shared", "Shared\BlazorApp1.Shared.csproj", "{2398B576-0C11-41F1-BDC1-18AC2BBCA4B2}"
EndProject
Global
	GlobalSection(SolutionConfigurationPlatforms) = preSolution
		Debug|Any CPU = Debug|Any CPU
		Release|Any CPU = Release|Any CPU
	EndGlobalSection
	GlobalSection(ProjectConfigurationPlatforms) = postSolution
		{DB628CE9-CA6D-4F7B-84E3-E13C4465A943}.Debug|Any CPU.ActiveCfg = Debug|Any CPU
		{DB628CE9-CA6D-4F7B-84E3-E13C4465A943}.Debug|Any CPU.Build.0 = Debug|Any CPU
		{DB628CE9-CA6D-4F7B-84E3-E13C4465A943}.Release|Any CPU.ActiveCfg = Release|Any CPU
		{DB628CE9-CA6D-4F7B-84E3-E13C4465A943}.Release|Any CPU.Build.0 = Release|Any CPU
		{A7D5D4B6-20E0-4A84-A274-3E41C70765F5}.Debug|Any CPU.ActiveCfg = Debug|Any CPU
		{A7D5D4B6-20E0-4A84-A274-3E41C70765F5}.Debug|Any CPU.Build.0 = Debug|Any CPU
		{A7D5D4B6-20E0-4A84-A274-3E41C70765F5}.Release|Any CPU.ActiveCfg = Release|Any CPU
		{A7D5D4B6-20E0-4A84-A274-3E41C70765F5}.Release|Any CPU.Build.0 = Release|Any CPU
		{2398B576-0C11-41F1-BDC1-18AC2BBCA4B2}.Debug|Any CPU.ActiveCfg = Debug|Any CPU
		{2398B576-0C11-41F1-BDC1-18AC2BBCA4B2}.Debug|Any CPU.Build.0 = Debug|Any CPU
		{2398B576-0C11-41F1-BDC1-18AC2BBCA4B2}.Release|Any CPU.ActiveCfg = Release|Any CPU
		{2398B576-0C11-41F1-BDC1-18AC2BBCA4B2}.Release|Any CPU.Build.0 = Release|Any CPU
	EndGlobalSection
	GlobalSection(SolutionProperties) = preSolution
		HideSolutionNode = FALSE
	EndGlobalSection
	GlobalSection(ExtensibilityGlobals) = postSolution
		SolutionGuid = {FEA35FFA-AC22-4DBE-82F9-2B49B2357298}
	EndGlobalSection
EndGlobal
